{
  "nodes": {
    "nixpkgs": {
      "locked": {
        "lastModified": 1758395428,
        "narHash": "sha256-VPLAH58pBb+6qHXKy/RbJi0jedJ14atDh3r5VNB1uNk=",
        "owner": "nixos",
        "repo": "nixpkgs",
        "rev": "2e894638a7716cb1161a1084e04af88d98684855",
        "type": "github"
      },
      "original": {
        "owner": "nixos",
        "ref": "nixos-unstable-small",
        "repo": "nixpkgs",
        "type": "github"
      }
    },
    "nixpkgs_2": {
      "locked": {
        "lastModified": 1744536153,
        "narHash": "sha256-awS2zRgF4uTwrOKwwiJcByDzDOdo3Q1rPZbiHQg/N38=",
        "owner": "NixOS",
        "repo": "nixpkgs",
        "rev": "18dd725c29603f582cf1900e0d25f9f1063dbf11",
        "type": "github"
      },
      "original": {
        "owner": "NixOS",
        "ref": "nixpkgs-unstable",
        "repo": "nixpkgs",
        "type": "github"
      }
    },
    "root": {
      "inputs": {
        "nixpkgs": "nixpkgs",
        "rust-overlay": "rust-overlay"
      }
    },
    "rust-overlay": {
      "inputs": {
        "nixpkgs": "nixpkgs_2"
      },
      "locked": {
        "lastModified": 1758422215,
        "narHash": "sha256-JvF5SXhp1wBHbfEVAWgJCDVSO8iknfDqXfqMch5YWg0=",
        "owner": "oxalica",
        "repo": "rust-overlay",
        "rev": "6f3988eb5885f1e2efa874a480d91de09a7f9f0b",
        "type": "github"
      },
      "original": {
        "owner": "oxalica",
        "repo": "rust-overlay",
        "type": "github"
      }
    }
  },
  "root": "root",
  "version": 7
}
